// !$*UTF8*$!
{
	archiveVersion = 1;
	classes = {
	};
	objectVersion = 50;
	objects = {

/* Begin PBXBuildFile section */
		E23EF61B26E2453D008E9621 /* AppDelegate.swift in Sources */ = {isa = PBXBuildFile; fileRef = E23EF61A26E2453D008E9621 /* AppDelegate.swift */; };
		E23EF61D26E2453D008E9621 /* SceneDelegate.swift in Sources */ = {isa = PBXBuildFile; fileRef = E23EF61C26E2453D008E9621 /* SceneDelegate.swift */; };
		E23EF61F26E2453D008E9621 /* ViewController.swift in Sources */ = {isa = PBXBuildFile; fileRef = E23EF61E26E2453D008E9621 /* ViewController.swift */; };
		E23EF62226E2453D008E9621 /* Main.storyboard in Resources */ = {isa = PBXBuildFile; fileRef = E23EF62026E2453D008E9621 /* Main.storyboard */; };
		E23EF62426E24541008E9621 /* Assets.xcassets in Resources */ = {isa = PBXBuildFile; fileRef = E23EF62326E24541008E9621 /* Assets.xcassets */; };
		E23EF62726E24541008E9621 /* LaunchScreen.storyboard in Resources */ = {isa = PBXBuildFile; fileRef = E23EF62526E24541008E9621 /* LaunchScreen.storyboard */; };
		E23EF66D26E2464A008E9621 /* DPURLSession.swift in Sources */ = {isa = PBXBuildFile; fileRef = E23EF65E26E2464A008E9621 /* DPURLSession.swift */; };
		E23EF66E26E2464A008E9621 /* DPRequestParametersProtocol.swift in Sources */ = {isa = PBXBuildFile; fileRef = E23EF65F26E2464A008E9621 /* DPRequestParametersProtocol.swift */; };
		E23EF67126E2464A008E9621 /* DPResponseMappingProtocol.swift in Sources */ = {isa = PBXBuildFile; fileRef = E23EF66226E2464A008E9621 /* DPResponseMappingProtocol.swift */; };
		E23EF67226E2464A008E9621 /* String+Extensions.swift in Sources */ = {isa = PBXBuildFile; fileRef = E23EF66426E2464A008E9621 /* String+Extensions.swift */; };
		E23EF67326E2464A008E9621 /* Data+Extensions.swift in Sources */ = {isa = PBXBuildFile; fileRef = E23EF66526E2464A008E9621 /* Data+Extensions.swift */; };
		E23EF67526E2464A008E9621 /* DPRequest.swift in Sources */ = {isa = PBXBuildFile; fileRef = E23EF66726E2464A008E9621 /* DPRequest.swift */; };
		E23EF67726E2464A008E9621 /* Dictionary.swift in Sources */ = {isa = PBXBuildFile; fileRef = E23EF66926E2464A008E9621 /* Dictionary.swift */; };
		E23EF67826E2464A008E9621 /* Boundary.swift in Sources */ = {isa = PBXBuildFile; fileRef = E23EF66A26E2464A008E9621 /* Boundary.swift */; };
		E23EF67926E2464A008E9621 /* DPNetworkError.swift in Sources */ = {isa = PBXBuildFile; fileRef = E23EF66B26E2464A008E9621 /* DPNetworkError.swift */; };
		E23EF67D26E51ED2008E9621 /* URLRequest+Extensions.swift in Sources */ = {isa = PBXBuildFile; fileRef = E23EF67C26E51ED2008E9621 /* URLRequest+Extensions.swift */; };
		E2EAE27A26E538F6001B3007 /* DPRequestWithMappingResponse.swift in Sources */ = {isa = PBXBuildFile; fileRef = E2EAE27926E538F6001B3007 /* DPRequestWithMappingResponse.swift */; };
/* End PBXBuildFile section */

/* Begin PBXFileReference section */
		E23EF61726E2453D008E9621 /* DPNetwork_Example.app */ = {isa = PBXFileReference; explicitFileType = wrapper.application; includeInIndex = 0; path = DPNetwork_Example.app; sourceTree = BUILT_PRODUCTS_DIR; };
		E23EF61A26E2453D008E9621 /* AppDelegate.swift */ = {isa = PBXFileReference; lastKnownFileType = sourcecode.swift; path = AppDelegate.swift; sourceTree = "<group>"; };
		E23EF61C26E2453D008E9621 /* SceneDelegate.swift */ = {isa = PBXFileReference; lastKnownFileType = sourcecode.swift; path = SceneDelegate.swift; sourceTree = "<group>"; };
		E23EF61E26E2453D008E9621 /* ViewController.swift */ = {isa = PBXFileReference; lastKnownFileType = sourcecode.swift; path = ViewController.swift; sourceTree = "<group>"; };
		E23EF62126E2453D008E9621 /* Base */ = {isa = PBXFileReference; lastKnownFileType = file.storyboard; name = Base; path = Base.lproj/Main.storyboard; sourceTree = "<group>"; };
		E23EF62326E24541008E9621 /* Assets.xcassets */ = {isa = PBXFileReference; lastKnownFileType = folder.assetcatalog; path = Assets.xcassets; sourceTree = "<group>"; };
		E23EF62626E24541008E9621 /* Base */ = {isa = PBXFileReference; lastKnownFileType = file.storyboard; name = Base; path = Base.lproj/LaunchScreen.storyboard; sourceTree = "<group>"; };
		E23EF62826E24541008E9621 /* Info.plist */ = {isa = PBXFileReference; lastKnownFileType = text.plist.xml; path = Info.plist; sourceTree = "<group>"; };
		E23EF65E26E2464A008E9621 /* DPURLSession.swift */ = {isa = PBXFileReference; fileEncoding = 4; lastKnownFileType = sourcecode.swift; path = DPURLSession.swift; sourceTree = "<group>"; };
		E23EF65F26E2464A008E9621 /* DPRequestParametersProtocol.swift */ = {isa = PBXFileReference; fileEncoding = 4; lastKnownFileType = sourcecode.swift; path = DPRequestParametersProtocol.swift; sourceTree = "<group>"; };
		E23EF66226E2464A008E9621 /* DPResponseMappingProtocol.swift */ = {isa = PBXFileReference; fileEncoding = 4; lastKnownFileType = sourcecode.swift; path = DPResponseMappingProtocol.swift; sourceTree = "<group>"; };
		E23EF66426E2464A008E9621 /* String+Extensions.swift */ = {isa = PBXFileReference; fileEncoding = 4; lastKnownFileType = sourcecode.swift; path = "String+Extensions.swift"; sourceTree = "<group>"; };
		E23EF66526E2464A008E9621 /* Data+Extensions.swift */ = {isa = PBXFileReference; fileEncoding = 4; lastKnownFileType = sourcecode.swift; path = "Data+Extensions.swift"; sourceTree = "<group>"; };
		E23EF66726E2464A008E9621 /* DPRequest.swift */ = {isa = PBXFileReference; fileEncoding = 4; lastKnownFileType = sourcecode.swift; path = DPRequest.swift; sourceTree = "<group>"; };
		E23EF66926E2464A008E9621 /* Dictionary.swift */ = {isa = PBXFileReference; fileEncoding = 4; lastKnownFileType = sourcecode.swift; path = Dictionary.swift; sourceTree = "<group>"; };
		E23EF66A26E2464A008E9621 /* Boundary.swift */ = {isa = PBXFileReference; fileEncoding = 4; lastKnownFileType = sourcecode.swift; path = Boundary.swift; sourceTree = "<group>"; };
		E23EF66B26E2464A008E9621 /* DPNetworkError.swift */ = {isa = PBXFileReference; fileEncoding = 4; lastKnownFileType = sourcecode.swift; path = DPNetworkError.swift; sourceTree = "<group>"; };
		E23EF67C26E51ED2008E9621 /* URLRequest+Extensions.swift */ = {isa = PBXFileReference; lastKnownFileType = sourcecode.swift; path = "URLRequest+Extensions.swift"; sourceTree = "<group>"; };
		E2EAE27926E538F6001B3007 /* DPRequestWithMappingResponse.swift */ = {isa = PBXFileReference; lastKnownFileType = sourcecode.swift; path = DPRequestWithMappingResponse.swift; sourceTree = "<group>"; };
/* End PBXFileReference section */

/* Begin PBXFrameworksBuildPhase section */
		E23EF61426E2453D008E9621 /* Frameworks */ = {
			isa = PBXFrameworksBuildPhase;
			buildActionMask = 2147483647;
			files = (
			);
			runOnlyForDeploymentPostprocessing = 0;
		};
/* End PBXFrameworksBuildPhase section */

/* Begin PBXGroup section */
		E23EF60E26E2453D008E9621 = {
			isa = PBXGroup;
			children = (
				E23EF61926E2453D008E9621 /* DPNetwork_Example */,
				E23EF61826E2453D008E9621 /* Products */,
			);
			sourceTree = "<group>";
		};
		E23EF61826E2453D008E9621 /* Products */ = {
			isa = PBXGroup;
			children = (
				E23EF61726E2453D008E9621 /* DPNetwork_Example.app */,
			);
			name = Products;
			sourceTree = "<group>";
		};
		E23EF61926E2453D008E9621 /* DPNetwork_Example */ = {
			isa = PBXGroup;
			children = (
				E23EF62826E24541008E9621 /* Info.plist */,
				E23EF61A26E2453D008E9621 /* AppDelegate.swift */,
				E23EF61C26E2453D008E9621 /* SceneDelegate.swift */,
				E23EF61E26E2453D008E9621 /* ViewController.swift */,
				E23EF62326E24541008E9621 /* Assets.xcassets */,
				E23EF65D26E2464A008E9621 /* DPNetwork */,
				E23EF62526E24541008E9621 /* LaunchScreen.storyboard */,
				E23EF62026E2453D008E9621 /* Main.storyboard */,
			);
			path = DPNetwork_Example;
			sourceTree = "<group>";
		};
		E23EF65D26E2464A008E9621 /* DPNetwork */ = {
			isa = PBXGroup;
			children = (
				E23EF66A26E2464A008E9621 /* Boundary.swift */,
				E23EF66926E2464A008E9621 /* Dictionary.swift */,
				E23EF66B26E2464A008E9621 /* DPNetworkError.swift */,
				E23EF66726E2464A008E9621 /* DPRequest.swift */,
				E23EF65F26E2464A008E9621 /* DPRequestParametersProtocol.swift */,
				E2EAE27926E538F6001B3007 /* DPRequestWithMappingResponse.swift */,
				E23EF66226E2464A008E9621 /* DPResponseMappingProtocol.swift */,
				E23EF65E26E2464A008E9621 /* DPURLSession.swift */,
				E23EF66326E2464A008E9621 /* Extensions */,
			);
			name = DPNetwork;
			path = ../../DPNetwork/Sources/DPNetwork;
			sourceTree = "<group>";
		};
		E23EF66326E2464A008E9621 /* Extensions */ = {
			isa = PBXGroup;
			children = (
				E23EF66426E2464A008E9621 /* String+Extensions.swift */,
				E23EF66526E2464A008E9621 /* Data+Extensions.swift */,
				E23EF67C26E51ED2008E9621 /* URLRequest+Extensions.swift */,
			);
			path = Extensions;
			sourceTree = "<group>";
		};
/* End PBXGroup section */

/* Begin PBXNativeTarget section */
		E23EF61626E2453D008E9621 /* DPNetwork_Example */ = {
			isa = PBXNativeTarget;
			buildConfigurationList = E23EF62B26E24541008E9621 /* Build configuration list for PBXNativeTarget "DPNetwork_Example" */;
			buildPhases = (
				E23EF61326E2453D008E9621 /* Sources */,
				E23EF61426E2453D008E9621 /* Frameworks */,
				E23EF61526E2453D008E9621 /* Resources */,
			);
			buildRules = (
			);
			dependencies = (
			);
			name = DPNetwork_Example;
			productName = DPNetwork_Example;
			productReference = E23EF61726E2453D008E9621 /* DPNetwork_Example.app */;
			productType = "com.apple.product-type.application";
		};
/* End PBXNativeTarget section */

/* Begin PBXProject section */
		E23EF60F26E2453D008E9621 /* Project object */ = {
			isa = PBXProject;
			attributes = {
				LastSwiftUpdateCheck = 1250;
				LastUpgradeCheck = 1250;
				TargetAttributes = {
					E23EF61626E2453D008E9621 = {
						CreatedOnToolsVersion = 12.5.1;
					};
				};
			};
			buildConfigurationList = E23EF61226E2453D008E9621 /* Build configuration list for PBXProject "DPNetwork_Example" */;
			compatibilityVersion = "Xcode 9.3";
			developmentRegion = en;
			hasScannedForEncodings = 0;
			knownRegions = (
				en,
				Base,
			);
			mainGroup = E23EF60E26E2453D008E9621;
			productRefGroup = E23EF61826E2453D008E9621 /* Products */;
			projectDirPath = "";
			projectRoot = "";
			targets = (
				E23EF61626E2453D008E9621 /* DPNetwork_Example */,
			);
		};
/* End PBXProject section */

/* Begin PBXResourcesBuildPhase section */
		E23EF61526E2453D008E9621 /* Resources */ = {
			isa = PBXResourcesBuildPhase;
			buildActionMask = 2147483647;
			files = (
				E23EF62726E24541008E9621 /* LaunchScreen.storyboard in Resources */,
				E23EF62426E24541008E9621 /* Assets.xcassets in Resources */,
				E23EF62226E2453D008E9621 /* Main.storyboard in Resources */,
			);
			runOnlyForDeploymentPostprocessing = 0;
		};
/* End PBXResourcesBuildPhase section */

/* Begin PBXSourcesBuildPhase section */
		E23EF61326E2453D008E9621 /* Sources */ = {
			isa = PBXSourcesBuildPhase;
			buildActionMask = 2147483647;
			files = (
				E23EF67926E2464A008E9621 /* DPNetworkError.swift in Sources */,
				E23EF67526E2464A008E9621 /* DPRequest.swift in Sources */,
				E23EF61F26E2453D008E9621 /* ViewController.swift in Sources */,
				E23EF61B26E2453D008E9621 /* AppDelegate.swift in Sources */,
				E23EF67826E2464A008E9621 /* Boundary.swift in Sources */,
				E2EAE27A26E538F6001B3007 /* DPRequestWithMappingResponse.swift in Sources */,
				E23EF66D26E2464A008E9621 /* DPURLSession.swift in Sources */,
				E23EF67226E2464A008E9621 /* String+Extensions.swift in Sources */,
				E23EF67D26E51ED2008E9621 /* URLRequest+Extensions.swift in Sources */,
				E23EF67126E2464A008E9621 /* DPResponseMappingProtocol.swift in Sources */,
				E23EF66E26E2464A008E9621 /* DPRequestParametersProtocol.swift in Sources */,
				E23EF67726E2464A008E9621 /* Dictionary.swift in Sources */,
				E23EF61D26E2453D008E9621 /* SceneDelegate.swift in Sources */,
				E23EF67326E2464A008E9621 /* Data+Extensions.swift in Sources */,
			);
			runOnlyForDeploymentPostprocessing = 0;
		};
/* End PBXSourcesBuildPhase section */

/* Begin PBXVariantGroup section */
		E23EF62026E2453D008E9621 /* Main.storyboard */ = {
			isa = PBXVariantGroup;
			children = (
				E23EF62126E2453D008E9621 /* Base */,
			);
			name = Main.storyboard;
			sourceTree = "<group>";
		};
		E23EF62526E24541008E9621 /* LaunchScreen.storyboard */ = {
			isa = PBXVariantGroup;
			children = (
				E23EF62626E24541008E9621 /* Base */,
			);
			name = LaunchScreen.storyboard;
			sourceTree = "<group>";
		};
/* End PBXVariantGroup section */

/* Begin XCBuildConfiguration section */
		E23EF62926E24541008E9621 /* Debug */ = {
			isa = XCBuildConfiguration;
			buildSettings = {
				ALWAYS_SEARCH_USER_PATHS = NO;
				CLANG_ANALYZER_NONNULL = YES;
				CLANG_ANALYZER_NUMBER_OBJECT_CONVERSION = YES_AGGRESSIVE;
				CLANG_CXX_LANGUAGE_STANDARD = "gnu++14";
				CLANG_CXX_LIBRARY = "libc++";
				CLANG_ENABLE_MODULES = YES;
				CLANG_ENABLE_OBJC_ARC = YES;
				CLANG_ENABLE_OBJC_WEAK = YES;
				CLANG_WARN_BLOCK_CAPTURE_AUTORELEASING = YES;
				CLANG_WARN_BOOL_CONVERSION = YES;
				CLANG_WARN_COMMA = YES;
				CLANG_WARN_CONSTANT_CONVERSION = YES;
				CLANG_WARN_DEPRECATED_OBJC_IMPLEMENTATIONS = YES;
				CLANG_WARN_DIRECT_OBJC_ISA_USAGE = YES_ERROR;
				CLANG_WARN_DOCUMENTATION_COMMENTS = YES;
				CLANG_WARN_EMPTY_BODY = YES;
				CLANG_WARN_ENUM_CONVERSION = YES;
				CLANG_WARN_INFINITE_RECURSION = YES;
				CLANG_WARN_INT_CONVERSION = YES;
				CLANG_WARN_NON_LITERAL_NULL_CONVERSION = YES;
				CLANG_WARN_OBJC_IMPLICIT_RETAIN_SELF = YES;
				CLANG_WARN_OBJC_LITERAL_CONVERSION = YES;
				CLANG_WARN_OBJC_ROOT_CLASS = YES_ERROR;
				CLANG_WARN_QUOTED_INCLUDE_IN_FRAMEWORK_HEADER = YES;
				CLANG_WARN_RANGE_LOOP_ANALYSIS = YES;
				CLANG_WARN_STRICT_PROTOTYPES = YES;
				CLANG_WARN_SUSPICIOUS_MOVE = YES;
				CLANG_WARN_UNGUARDED_AVAILABILITY = YES_AGGRESSIVE;
				CLANG_WARN_UNREACHABLE_CODE = YES;
				CLANG_WARN__DUPLICATE_METHOD_MATCH = YES;
				COPY_PHASE_STRIP = NO;
				DEBUG_INFORMATION_FORMAT = dwarf;
				ENABLE_STRICT_OBJC_MSGSEND = YES;
				ENABLE_TESTABILITY = YES;
				GCC_C_LANGUAGE_STANDARD = gnu11;
				GCC_DYNAMIC_NO_PIC = NO;
				GCC_NO_COMMON_BLOCKS = YES;
				GCC_OPTIMIZATION_LEVEL = 0;
				GCC_PREPROCESSOR_DEFINITIONS = (
					"DEBUG=1",
					"$(inherited)",
				);
				GCC_WARN_64_TO_32_BIT_CONVERSION = YES;
				GCC_WARN_ABOUT_RETURN_TYPE = YES_ERROR;
				GCC_WARN_UNDECLARED_SELECTOR = YES;
				GCC_WARN_UNINITIALIZED_AUTOS = YES_AGGRESSIVE;
				GCC_WARN_UNUSED_FUNCTION = YES;
				GCC_WARN_UNUSED_VARIABLE = YES;
				IPHONEOS_DEPLOYMENT_TARGET = 14.5;
				MTL_ENABLE_DEBUG_INFO = INCLUDE_SOURCE;
				MTL_FAST_MATH = YES;
				ONLY_ACTIVE_ARCH = YES;
				SDKROOT = iphoneos;
				SWIFT_ACTIVE_COMPILATION_CONDITIONS = DEBUG;
				SWIFT_OPTIMIZATION_LEVEL = "-Onone";
			};
			name = Debug;
		};
		E23EF62A26E24541008E9621 /* Release */ = {
			isa = XCBuildConfiguration;
			buildSettings = {
				ALWAYS_SEARCH_USER_PATHS = NO;
				CLANG_ANALYZER_NONNULL = YES;
				CLANG_ANALYZER_NUMBER_OBJECT_CONVERSION = YES_AGGRESSIVE;
				CLANG_CXX_LANGUAGE_STANDARD = "gnu++14";
				CLANG_CXX_LIBRARY = "libc++";
				CLANG_ENABLE_MODULES = YES;
				CLANG_ENABLE_OBJC_ARC = YES;
				CLANG_ENABLE_OBJC_WEAK = YES;
				CLANG_WARN_BLOCK_CAPTURE_AUTORELEASING = YES;
				CLANG_WARN_BOOL_CONVERSION = YES;
				CLANG_WARN_COMMA = YES;
				CLANG_WARN_CONSTANT_CONVERSION = YES;
				CLANG_WARN_DEPRECATED_OBJC_IMPLEMENTATIONS = YES;
				CLANG_WARN_DIRECT_OBJC_ISA_USAGE = YES_ERROR;
				CLANG_WARN_DOCUMENTATION_COMMENTS = YES;
				CLANG_WARN_EMPTY_BODY = YES;
				CLANG_WARN_ENUM_CONVERSION = YES;
				CLANG_WARN_INFINITE_RECURSION = YES;
				CLANG_WARN_INT_CONVERSION = YES;
				CLANG_WARN_NON_LITERAL_NULL_CONVERSION = YES;
				CLANG_WARN_OBJC_IMPLICIT_RETAIN_SELF = YES;
				CLANG_WARN_OBJC_LITERAL_CONVERSION = YES;
				CLANG_WARN_OBJC_ROOT_CLASS = YES_ERROR;
				CLANG_WARN_QUOTED_INCLUDE_IN_FRAMEWORK_HEADER = YES;
				CLANG_WARN_RANGE_LOOP_ANALYSIS = YES;
				CLANG_WARN_STRICT_PROTOTYPES = YES;
				CLANG_WARN_SUSPICIOUS_MOVE = YES;
				CLANG_WARN_UNGUARDED_AVAILABILITY = YES_AGGRESSIVE;
				CLANG_WARN_UNREACHABLE_CODE = YES;
				CLANG_WARN__DUPLICATE_METHOD_MATCH = YES;
				COPY_PHASE_STRIP = NO;
				DEBUG_INFORMATION_FORMAT = "dwarf-with-dsym";
				ENABLE_NS_ASSERTIONS = NO;
				ENABLE_STRICT_OBJC_MSGSEND = YES;
				GCC_C_LANGUAGE_STANDARD = gnu11;
				GCC_NO_COMMON_BLOCKS = YES;
				GCC_WARN_64_TO_32_BIT_CONVERSION = YES;
				GCC_WARN_ABOUT_RETURN_TYPE = YES_ERROR;
				GCC_WARN_UNDECLARED_SELECTOR = YES;
				GCC_WARN_UNINITIALIZED_AUTOS = YES_AGGRESSIVE;
				GCC_WARN_UNUSED_FUNCTION = YES;
				GCC_WARN_UNUSED_VARIABLE = YES;
				IPHONEOS_DEPLOYMENT_TARGET = 14.5;
				MTL_ENABLE_DEBUG_INFO = NO;
				MTL_FAST_MATH = YES;
				SDKROOT = iphoneos;
				SWIFT_COMPILATION_MODE = wholemodule;
				SWIFT_OPTIMIZATION_LEVEL = "-O";
				VALIDATE_PRODUCT = YES;
			};
			name = Release;
		};
		E23EF62C26E24541008E9621 /* Debug */ = {
			isa = XCBuildConfiguration;
			buildSettings = {
				ASSETCATALOG_COMPILER_APPICON_NAME = AppIcon;
				ASSETCATALOG_COMPILER_GLOBAL_ACCENT_COLOR_NAME = AccentColor;
				CODE_SIGN_STYLE = Automatic;
				DEVELOPMENT_TEAM = DLCUWR6D7N;
				INFOPLIST_FILE = DPNetwork_Example/Info.plist;
				LD_RUNPATH_SEARCH_PATHS = (
					"$(inherited)",
					"@executable_path/Frameworks",
				);
				PRODUCT_BUNDLE_IDENTIFIER = "dp.DPNetwork-Example";
				PRODUCT_NAME = "$(TARGET_NAME)";
				SWIFT_VERSION = 5.0;
				TARGETED_DEVICE_FAMILY = "1,2";
			};
			name = Debug;
		};
		E23EF62D26E24541008E9621 /* Release */ = {
			isa = XCBuildConfiguration;
			buildSettings = {
				ASSETCATALOG_COMPILER_APPICON_NAME = AppIcon;
				ASSETCATALOG_COMPILER_GLOBAL_ACCENT_COLOR_NAME = AccentColor;
				CODE_SIGN_STYLE = Automatic;
				DEVELOPMENT_TEAM = DLCUWR6D7N;
				INFOPLIST_FILE = DPNetwork_Example/Info.plist;
				LD_RUNPATH_SEARCH_PATHS = (
					"$(inherited)",
					"@executable_path/Frameworks",
				);
				PRODUCT_BUNDLE_IDENTIFIER = "dp.DPNetwork-Example";
				PRODUCT_NAME = "$(TARGET_NAME)";
				SWIFT_VERSION = 5.0;
				TARGETED_DEVICE_FAMILY = "1,2";
			};
			name = Release;
		};
/* End XCBuildConfiguration section */

/* Begin XCConfigurationList section */
		E23EF61226E2453D008E9621 /* Build configuration list for PBXProject "DPNetwork_Example" */ = {
			isa = XCConfigurationList;
			buildConfigurations = (
				E23EF62926E24541008E9621 /* Debug */,
				E23EF62A26E24541008E9621 /* Release */,
			);
			defaultConfigurationIsVisible = 0;
			defaultConfigurationName = Release;
		};
		E23EF62B26E24541008E9621 /* Build configuration list for PBXNativeTarget "DPNetwork_Example" */ = {
			isa = XCConfigurationList;
			buildConfigurations = (
				E23EF62C26E24541008E9621 /* Debug */,
				E23EF62D26E24541008E9621 /* Release */,
			);
			defaultConfigurationIsVisible = 0;
			defaultConfigurationName = Release;
		};
/* End XCConfigurationList section */
	};
	rootObject = E23EF60F26E2453D008E9621 /* Project object */;
}
